
Microsoft Visual Studio Solution File, Format Version 12.00
# Visual Studio Version 17
VisualStudioVersion = 17.11.35312.102
MinimumVisualStudioVersion = 10.0.40219.1
Project("{FAE04EC0-301F-11D3-BF4B-00C04F79EFBC}") = "test_user_login_con_db", "test_user_login_con_db.csproj", "{6A316292-07CD-48B1-B503-6B942BEE4D95}"
EndProject
Global
	GlobalSection(SolutionConfigurationPlatforms) = preSolution
		Debug|Any CPU = Debug|Any CPU
		Release|Any CPU = Release|Any CPU
	EndGlobalSection
	GlobalSection(ProjectConfigurationPlatforms) = postSolution
		{6A316292-07CD-48B1-B503-6B942BEE4D95}.Debug|Any CPU.ActiveCfg = Debug|Any CPU
		{6A316292-07CD-48B1-B503-6B942BEE4D95}.Debug|Any CPU.Build.0 = Debug|Any CPU
		{6A316292-07CD-48B1-B503-6B942BEE4D95}.Release|Any CPU.ActiveCfg = Release|Any CPU
		{6A316292-07CD-48B1-B503-6B942BEE4D95}.Release|Any CPU.Build.0 = Release|Any CPU
	EndGlobalSection
	GlobalSection(SolutionProperties) = preSolution
		HideSolutionNode = FALSE
	EndGlobalSection
	GlobalSection(ExtensibilityGlobals) = postSolution
		SolutionGuid = {5C0F6742-07A9-4400-A85F-A11B7558F599}
	EndGlobalSection
EndGlobal
